
Microsoft Visual Studio Solution File, Format Version 12.00
# Visual Studio Version 17
VisualStudioVersion = 17.7.34031.279
MinimumVisualStudioVersion = 10.0.40219.1
Project("{FAE04EC0-301F-11D3-BF4B-00C04F79EFBC}") = "ZooAnimalHandler", "ZooAnimalHandler.csproj", "{B6B917DE-9DB3-447B-9761-8AA2E2908B3F}"
EndProject
Global
	GlobalSection(SolutionConfigurationPlatforms) = preSolution
		Debug|Any CPU = Debug|Any CPU
		Release|Any CPU = Release|Any CPU
	EndGlobalSection
	GlobalSection(ProjectConfigurationPlatforms) = postSolution
		{B6B917DE-9DB3-447B-9761-8AA2E2908B3F}.Debug|Any CPU.ActiveCfg = Debug|Any CPU
		{B6B917DE-9DB3-447B-9761-8AA2E2908B3F}.Debug|Any CPU.Build.0 = Debug|Any CPU
		{B6B917DE-9DB3-447B-9761-8AA2E2908B3F}.Release|Any CPU.ActiveCfg = Release|Any CPU
		{B6B917DE-9DB3-447B-9761-8AA2E2908B3F}.Release|Any CPU.Build.0 = Release|Any CPU
	EndGlobalSection
	GlobalSection(SolutionProperties) = preSolution
		HideSolutionNode = FALSE
	EndGlobalSection
	GlobalSection(ExtensibilityGlobals) = postSolution
		SolutionGuid = {500ECB81-9ADF-45A6-A0F4-9C9F0784B42B}
	EndGlobalSection
EndGlobal
